schema: '2.0'
stages:
  ingest:
    cmd: python ingest.py
    deps:
    - path: ingest.py
      hash: md5
      md5: 78a7611a8aedb00b05c8e67550c685bb
      size: 1041
    params:
      params.yaml:
        api.end_date: '2023-12-31'
        api.latitude: 48.8566
        api.longitude: 2.3522
        api.start_date: '2023-01-01'
        api.variables:
        - temperature_2m
        - relative_humidity_2m
        - wind_speed_10m
        - precipitation
        paths.raw: data/raw/weather.csv
    outs:
    - path: data/raw/weather.csv
      hash: md5
      md5: dd508ceccf885e6f60ecd97290f3e5c6
      size: 291873
  preprocess:
    cmd: python preprocess.py
    deps:
    - path: data/raw/weather.csv
      hash: md5
      md5: dd508ceccf885e6f60ecd97290f3e5c6
      size: 291873
    - path: preprocess.py
      hash: md5
      md5: f196e4d73b3d97209271ee8d3e94111b
      size: 802
    params:
      params.yaml:
        paths.processed: data/processed/weather_clean.csv
        paths.raw: data/raw/weather.csv
    outs:
    - path: data/processed/weather_clean.csv
      hash: md5
      md5: e8e784ba62f930f0f3ae47ed39359bec
      size: 378054
